
Microsoft Visual Studio Solution File, Format Version 12.00
# Visual Studio Version 17
VisualStudioVersion = 17.3.32819.101
MinimumVisualStudioVersion = 10.0.40219.1
Project("{FAE04EC0-301F-11D3-BF4B-00C04F79EFBC}") = "responsi2", "responsi2\responsi2.csproj", "{663FB017-40AA-4FB8-8313-34D109E3DD62}"
EndProject
Global
	GlobalSection(SolutionConfigurationPlatforms) = preSolution
		Debug|Any CPU = Debug|Any CPU
		Release|Any CPU = Release|Any CPU
	EndGlobalSection
	GlobalSection(ProjectConfigurationPlatforms) = postSolution
		{663FB017-40AA-4FB8-8313-34D109E3DD62}.Debug|Any CPU.ActiveCfg = Debug|Any CPU
		{663FB017-40AA-4FB8-8313-34D109E3DD62}.Debug|Any CPU.Build.0 = Debug|Any CPU
		{663FB017-40AA-4FB8-8313-34D109E3DD62}.Release|Any CPU.ActiveCfg = Release|Any CPU
		{663FB017-40AA-4FB8-8313-34D109E3DD62}.Release|Any CPU.Build.0 = Release|Any CPU
	EndGlobalSection
	GlobalSection(SolutionProperties) = preSolution
		HideSolutionNode = FALSE
	EndGlobalSection
	GlobalSection(ExtensibilityGlobals) = postSolution
		SolutionGuid = {0EFB655A-5522-4949-9B61-D2E1364D55CF}
	EndGlobalSection
EndGlobal
